
Microsoft Visual Studio Solution File, Format Version 11.00
# Visual Studio 2010
Project("{FAE04EC0-301F-11D3-BF4B-00C04F79EFBC}") = "Assembly-CSharp", "Assembly-CSharp.csproj", "{19c43b10-07a9-d9ff-0da9-603e6b861bcb}"
EndProject
Project("{FAE04EC0-301F-11D3-BF4B-00C04F79EFBC}") = "Assembly-CSharp-Editor", "Assembly-CSharp-Editor.csproj", "{e1d8a1d4-8d6f-0ef0-a733-4ef11267481c}"
EndProject
Global
	GlobalSection(SolutionConfigurationPlatforms) = preSolution
		Debug|Any CPU = Debug|Any CPU
	EndGlobalSection
	GlobalSection(ProjectConfigurationPlatforms) = postSolution
		{19c43b10-07a9-d9ff-0da9-603e6b861bcb}.Debug|Any CPU.ActiveCfg = Debug|Any CPU
		{19c43b10-07a9-d9ff-0da9-603e6b861bcb}.Debug|Any CPU.Build.0 = Debug|Any CPU
		{e1d8a1d4-8d6f-0ef0-a733-4ef11267481c}.Debug|Any CPU.ActiveCfg = Debug|Any CPU
		{e1d8a1d4-8d6f-0ef0-a733-4ef11267481c}.Debug|Any CPU.Build.0 = Debug|Any CPU
	EndGlobalSection
	GlobalSection(SolutionProperties) = preSolution
		HideSolutionNode = FALSE
	EndGlobalSection
EndGlobal
